Microsoft Visual Studio Solution File, Format Version 12.00
# Visual Studio Version 17
VisualStudioVersion = 17.5.2.0
MinimumVisualStudioVersion = 10.0.40219.1
Project("{FAE04EC0-301F-11D3-BF4B-00C04F79EFBC}") = "firstAspNetApp", "firstAspNetApp.csproj", "{B4A11AA8-25B8-EC13-DEE2-2FF1458FF9C0}"
EndProject
Global
	GlobalSection(SolutionConfigurationPlatforms) = preSolution
		Debug|Any CPU = Debug|Any CPU
		Release|Any CPU = Release|Any CPU
	EndGlobalSection
	GlobalSection(ProjectConfigurationPlatforms) = postSolution
		{B4A11AA8-25B8-EC13-DEE2-2FF1458FF9C0}.Debug|Any CPU.ActiveCfg = Debug|Any CPU
		{B4A11AA8-25B8-EC13-DEE2-2FF1458FF9C0}.Debug|Any CPU.Build.0 = Debug|Any CPU
		{B4A11AA8-25B8-EC13-DEE2-2FF1458FF9C0}.Release|Any CPU.ActiveCfg = Release|Any CPU
		{B4A11AA8-25B8-EC13-DEE2-2FF1458FF9C0}.Release|Any CPU.Build.0 = Release|Any CPU
	EndGlobalSection
	GlobalSection(SolutionProperties) = preSolution
		HideSolutionNode = FALSE
	EndGlobalSection
	GlobalSection(ExtensibilityGlobals) = postSolution
		SolutionGuid = {40B3EEE7-3529-48DB-A17E-56892A0D525D}
	EndGlobalSection
EndGlobal
